
Microsoft Visual Studio Solution File, Format Version 12.00
# Visual Studio Version 17
VisualStudioVersion = 17.3.32825.248
MinimumVisualStudioVersion = 10.0.40219.1
Project("{FAE04EC0-301F-11D3-BF4B-00C04F79EFBC}") = "HelloWorldFormsApp5", "HelloWorldFormsApp5\HelloWorldFormsApp5.csproj", "{4A98543C-B139-4232-A8B9-F5FCB38DD1F2}"
EndProject
Global
	GlobalSection(SolutionConfigurationPlatforms) = preSolution
		Debug|Any CPU = Debug|Any CPU
		Release|Any CPU = Release|Any CPU
	EndGlobalSection
	GlobalSection(ProjectConfigurationPlatforms) = postSolution
		{4A98543C-B139-4232-A8B9-F5FCB38DD1F2}.Debug|Any CPU.ActiveCfg = Debug|Any CPU
		{4A98543C-B139-4232-A8B9-F5FCB38DD1F2}.Debug|Any CPU.Build.0 = Debug|Any CPU
		{4A98543C-B139-4232-A8B9-F5FCB38DD1F2}.Release|Any CPU.ActiveCfg = Release|Any CPU
		{4A98543C-B139-4232-A8B9-F5FCB38DD1F2}.Release|Any CPU.Build.0 = Release|Any CPU
	EndGlobalSection
	GlobalSection(SolutionProperties) = preSolution
		HideSolutionNode = FALSE
	EndGlobalSection
	GlobalSection(ExtensibilityGlobals) = postSolution
		SolutionGuid = {835963C1-A196-4777-9D28-2188B3EC7D86}
	EndGlobalSection
EndGlobal
